
Microsoft Visual Studio Solution File, Format Version 12.00
# Visual Studio Version 17
VisualStudioVersion = 17.9.34723.18
MinimumVisualStudioVersion = 10.0.40219.1
Project("{8BC9CEB8-8B4A-11D0-8D11-00A0C91BC942}") = "Pacal--", "Pacal--.vcxproj", "{E895BDBF-0F86-4B53-8D2D-57FAA48EA5D4}"
EndProject
Project("{8BC9CEB8-8B4A-11D0-8D11-00A0C91BC942}") = "Tests", "Test\Tests.vcxproj", "{06490F2A-5335-4F3B-B5A1-32BC2DA745F1}"
EndProject
Global
	GlobalSection(SolutionConfigurationPlatforms) = preSolution
		Debug|x64 = Debug|x64
		Debug|x86 = Debug|x86
		Release|x64 = Release|x64
		Release|x86 = Release|x86
	EndGlobalSection
	GlobalSection(ProjectConfigurationPlatforms) = postSolution
		{E895BDBF-0F86-4B53-8D2D-57FAA48EA5D4}.Debug|x64.ActiveCfg = Debug|x64
		{E895BDBF-0F86-4B53-8D2D-57FAA48EA5D4}.Debug|x64.Build.0 = Debug|x64
		{E895BDBF-0F86-4B53-8D2D-57FAA48EA5D4}.Debug|x86.ActiveCfg = Debug|Win32
		{E895BDBF-0F86-4B53-8D2D-57FAA48EA5D4}.Debug|x86.Build.0 = Debug|Win32
		{E895BDBF-0F86-4B53-8D2D-57FAA48EA5D4}.Release|x64.ActiveCfg = Release|x64
		{E895BDBF-0F86-4B53-8D2D-57FAA48EA5D4}.Release|x64.Build.0 = Release|x64
		{E895BDBF-0F86-4B53-8D2D-57FAA48EA5D4}.Release|x86.ActiveCfg = Release|Win32
		{E895BDBF-0F86-4B53-8D2D-57FAA48EA5D4}.Release|x86.Build.0 = Release|Win32
		{06490F2A-5335-4F3B-B5A1-32BC2DA745F1}.Debug|x64.ActiveCfg = Debug|x64
		{06490F2A-5335-4F3B-B5A1-32BC2DA745F1}.Debug|x64.Build.0 = Debug|x64
		{06490F2A-5335-4F3B-B5A1-32BC2DA745F1}.Debug|x86.ActiveCfg = Debug|Win32
		{06490F2A-5335-4F3B-B5A1-32BC2DA745F1}.Debug|x86.Build.0 = Debug|Win32
		{06490F2A-5335-4F3B-B5A1-32BC2DA745F1}.Release|x64.ActiveCfg = Release|x64
		{06490F2A-5335-4F3B-B5A1-32BC2DA745F1}.Release|x64.Build.0 = Release|x64
		{06490F2A-5335-4F3B-B5A1-32BC2DA745F1}.Release|x86.ActiveCfg = Release|Win32
		{06490F2A-5335-4F3B-B5A1-32BC2DA745F1}.Release|x86.Build.0 = Release|Win32
	EndGlobalSection
	GlobalSection(SolutionProperties) = preSolution
		HideSolutionNode = FALSE
	EndGlobalSection
	GlobalSection(ExtensibilityGlobals) = postSolution
		SolutionGuid = {60B9DB5A-016D-42F3-B46F-836E296AFB27}
	EndGlobalSection
EndGlobal
